{
  "version": 4,
  "terraform_version": "1.3.9",
  "serial": 154,
  "lineage": "c45b84b4-25db-9b87-6691-151917a7373a",
  "outputs": {
    "google_folder_attach_point": {
      "value": {
        "0": {
          "dev": {
            "create_time": "2023-04-25T16:05:57.168Z",
            "display_name": "dev",
            "folder_id": "609621726989",
            "id": "folders/609621726989",
            "lifecycle_state": "ACTIVE",
            "name": "folders/609621726989",
            "parent": "folders/214204553249",
            "timeouts": null
          },
          "prod": {
            "create_time": "2023-04-25T16:05:57.310Z",
            "display_name": "prod",
            "folder_id": "821786761711",
            "id": "folders/821786761711",
            "lifecycle_state": "ACTIVE",
            "name": "folders/821786761711",
            "parent": "folders/214204553249",
            "timeouts": null
          }
        }
      },
      "type": [
        "object",
        {
          "0": [
            "object",
            {
              "dev": [
                "object",
                {
                  "create_time": "string",
                  "display_name": "string",
                  "folder_id": "string",
                  "id": "string",
                  "lifecycle_state": "string",
                  "name": "string",
                  "parent": "string",
                  "timeouts": [
                    "object",
                    {
                      "create": "string",
                      "delete": "string",
                      "read": "string",
                      "update": "string"
                    }
                  ]
                }
              ],
              "prod": [
                "object",
                {
                  "create_time": "string",
                  "display_name": "string",
                  "folder_id": "string",
                  "id": "string",
                  "lifecycle_state": "string",
                  "name": "string",
                  "parent": "string",
                  "timeouts": [
                    "object",
                    {
                      "create": "string",
                      "delete": "string",
                      "read": "string",
                      "update": "string"
                    }
                  ]
                }
              ]
            }
          ]
        }
      ]
    },
    "google_project_names": {
      "value": {
        "dev": "jvillarrealr-dev-l3zv",
        "prod": "jvillarrealr-prod-l3zv"
      },
      "type": [
        "object",
        {
          "dev": "string",
          "prod": "string"
        }
      ]
    },
    "google_project_project": {
      "value": {
        "0": {
          "dev": {
            "auto_create_network": false,
            "billing_account": "01E780-7E5C3C-047C23",
            "folder_id": "609621726989",
            "id": "projects/jvillarrealr-dev-l3zv",
            "labels": {
              "env": "development"
            },
            "name": "jvillarrealr-dev-l3zv",
            "number": "894228877403",
            "org_id": "",
            "project_id": "jvillarrealr-dev-l3zv",
            "skip_delete": false,
            "timeouts": null
          },
          "prod": {
            "auto_create_network": false,
            "billing_account": "01E780-7E5C3C-047C23",
            "folder_id": "821786761711",
            "id": "projects/jvillarrealr-prod-l3zv",
            "labels": {
              "env": "production"
            },
            "name": "jvillarrealr-prod-l3zv",
            "number": "216907694365",
            "org_id": "",
            "project_id": "jvillarrealr-prod-l3zv",
            "skip_delete": false,
            "timeouts": null
          }
        }
      },
      "type": [
        "object",
        {
          "0": [
            "object",
            {
              "dev": [
                "object",
                {
                  "auto_create_network": "bool",
                  "billing_account": "string",
                  "folder_id": "string",
                  "id": "string",
                  "labels": [
                    "map",
                    "string"
                  ],
                  "name": "string",
                  "number": "string",
                  "org_id": "string",
                  "project_id": "string",
                  "skip_delete": "bool",
                  "timeouts": [
                    "object",
                    {
                      "create": "string",
                      "delete": "string",
                      "read": "string",
                      "update": "string"
                    }
                  ]
                }
              ],
              "prod": [
                "object",
                {
                  "auto_create_network": "bool",
                  "billing_account": "string",
                  "folder_id": "string",
                  "id": "string",
                  "labels": [
                    "map",
                    "string"
                  ],
                  "name": "string",
                  "number": "string",
                  "org_id": "string",
                  "project_id": "string",
                  "skip_delete": "bool",
                  "timeouts": [
                    "object",
                    {
                      "create": "string",
                      "delete": "string",
                      "read": "string",
                      "update": "string"
                    }
                  ]
                }
              ]
            }
          ]
        }
      ]
    }
  },
  "resources": [
    {
      "mode": "managed",
      "type": "google_folder",
      "name": "attach_point",
      "provider": "provider[\"registry.terraform.io/hashicorp/google\"]",
      "instances": [
        {
          "schema_version": 0,
          "attributes": {
            "create_time": "2023-04-25T16:05:45.158Z",
            "display_name": "jvillarrealr",
            "folder_id": "214204553249",
            "id": "folders/214204553249",
            "lifecycle_state": "ACTIVE",
            "name": "folders/214204553249",
            "parent": "folders/879165398155",
            "timeouts": null
          },
          "sensitive_attributes": [],
          "private": "eyJlMmJmYjczMC1lY2FhLTExZTYtOGY4OC0zNDM2M2JjN2M0YzAiOnsiY3JlYXRlIjoyNDAwMDAwMDAwMDAsImRlbGV0ZSI6MjQwMDAwMDAwMDAwLCJyZWFkIjoyNDAwMDAwMDAwMDAsInVwZGF0ZSI6MjQwMDAwMDAwMDAwfX0=",
          "create_before_destroy": true
        }
      ]
    },
    {
      "mode": "managed",
      "type": "random_string",
      "name": "random_id",
      "provider": "provider[\"registry.terraform.io/hashicorp/random\"]",
      "instances": [
        {
          "schema_version": 2,
          "attributes": {
            "id": "l3zv",
            "keepers": null,
            "length": 4,
            "lower": true,
            "min_lower": 0,
            "min_numeric": 0,
            "min_special": 0,
            "min_upper": 0,
            "number": true,
            "numeric": true,
            "override_special": null,
            "result": "l3zv",
            "special": false,
            "upper": false
          },
          "sensitive_attributes": [],
          "create_before_destroy": true
        }
      ]
    },
    {
      "module": "module.firewall",
      "mode": "managed",
      "type": "google_compute_firewall",
      "name": "firewall",
      "provider": "provider[\"registry.terraform.io/hashicorp/google\"]",
      "instances": [
        {
          "index_key": "0",
          "schema_version": 1,
          "attributes": {
            "allow": [
              {
                "ports": [
                  "80",
                  "443"
                ],
                "protocol": "tcp"
              }
            ],
            "creation_timestamp": "2023-04-25T15:26:01.824-07:00",
            "deny": [],
            "description": "",
            "destination_ranges": [],
            "direction": "INGRESS",
            "disabled": false,
            "enable_logging": null,
            "id": "projects/jvillarrealr-dev-l3zv/global/firewalls/firewall-1",
            "log_config": [],
            "name": "firewall-1",
            "network": "https://www.googleapis.com/compute/v1/projects/jvillarrealr-dev-l3zv/global/networks/dev-main",
            "priority": 1000,
            "project": "jvillarrealr-dev-l3zv",
            "self_link": "https://www.googleapis.com/compute/v1/projects/jvillarrealr-dev-l3zv/global/firewalls/firewall-1",
            "source_ranges": [
              "0.0.0.0/0"
            ],
            "source_service_accounts": [],
            "source_tags": [],
            "target_service_accounts": [],
            "target_tags": [],
            "timeouts": null
          },
          "sensitive_attributes": [],
          "private": "eyJlMmJmYjczMC1lY2FhLTExZTYtOGY4OC0zNDM2M2JjN2M0YzAiOnsiY3JlYXRlIjoxMjAwMDAwMDAwMDAwLCJkZWxldGUiOjEyMDAwMDAwMDAwMDAsInVwZGF0ZSI6MTIwMDAwMDAwMDAwMH0sInNjaGVtYV92ZXJzaW9uIjoiMSJ9",
          "dependencies": [
            "google_folder.attach_point",
            "module.network.google_compute_network.network",
            "module.project.google_folder.attach_point",
            "module.project.google_project.project",
            "module.project.google_project_service.gcp_services",
            "random_string.random_id"
          ]
        },
        {
          "index_key": "1",
          "schema_version": 1,
          "attributes": {
            "allow": [
              {
                "ports": [
                  "80",
                  "443"
                ],
                "protocol": "tcp"
              }
            ],
            "creation_timestamp": "2023-04-25T15:29:24.129-07:00",
            "deny": [],
            "description": "",
            "destination_ranges": [],
            "direction": "INGRESS",
            "disabled": false,
            "enable_logging": null,
            "id": "projects/jvillarrealr-prod-l3zv/global/firewalls/firewall-1",
            "log_config": [],
            "name": "firewall-1",
            "network": "https://www.googleapis.com/compute/v1/projects/jvillarrealr-prod-l3zv/global/networks/prod-main",
            "priority": 1000,
            "project": "jvillarrealr-prod-l3zv",
            "self_link": "https://www.googleapis.com/compute/v1/projects/jvillarrealr-prod-l3zv/global/firewalls/firewall-1",
            "source_ranges": [
              "0.0.0.0/0"
            ],
            "source_service_accounts": [],
            "source_tags": [],
            "target_service_accounts": [],
            "target_tags": [],
            "timeouts": null
          },
          "sensitive_attributes": [],
          "private": "eyJlMmJmYjczMC1lY2FhLTExZTYtOGY4OC0zNDM2M2JjN2M0YzAiOnsiY3JlYXRlIjoxMjAwMDAwMDAwMDAwLCJkZWxldGUiOjEyMDAwMDAwMDAwMDAsInVwZGF0ZSI6MTIwMDAwMDAwMDAwMH0sInNjaGVtYV92ZXJzaW9uIjoiMSJ9",
          "dependencies": [
            "google_folder.attach_point",
            "module.network.google_compute_network.network",
            "module.project.google_folder.attach_point",
            "module.project.google_project.project",
            "module.project.google_project_service.gcp_services",
            "random_string.random_id"
          ]
        }
      ]
    },
    {
      "module": "module.folders",
      "mode": "managed",
      "type": "google_folder",
      "name": "root_folders",
      "provider": "provider[\"registry.terraform.io/hashicorp/google\"]",
      "instances": [
        {
          "index_key": "Commercial",
          "schema_version": 0,
          "attributes": {
            "create_time": "2023-04-27T22:12:23.803Z",
            "display_name": "Commercial",
            "folder_id": "1087311580406",
            "id": "folders/1087311580406",
            "lifecycle_state": "ACTIVE",
            "name": "folders/1087311580406",
            "parent": "folders/247598731200",
            "timeouts": null
          },
          "sensitive_attributes": [],
          "private": "eyJlMmJmYjczMC1lY2FhLTExZTYtOGY4OC0zNDM2M2JjN2M0YzAiOnsiY3JlYXRlIjoyNDAwMDAwMDAwMDAsImRlbGV0ZSI6MjQwMDAwMDAwMDAwLCJyZWFkIjoyNDAwMDAwMDAwMDAsInVwZGF0ZSI6MjQwMDAwMDAwMDAwfX0="
        },
        {
          "index_key": "Finantial",
          "schema_version": 0,
          "attributes": {
            "create_time": "2023-04-27T22:12:21.765Z",
            "display_name": "Finantial",
            "folder_id": "6262298249",
            "id": "folders/6262298249",
            "lifecycle_state": "ACTIVE",
            "name": "folders/6262298249",
            "parent": "folders/247598731200",
            "timeouts": null
          },
          "sensitive_attributes": [],
          "private": "eyJlMmJmYjczMC1lY2FhLTExZTYtOGY4OC0zNDM2M2JjN2M0YzAiOnsiY3JlYXRlIjoyNDAwMDAwMDAwMDAsImRlbGV0ZSI6MjQwMDAwMDAwMDAwLCJyZWFkIjoyNDAwMDAwMDAwMDAsInVwZGF0ZSI6MjQwMDAwMDAwMDAwfX0="
        },
        {
          "index_key": "Riskmgmt",
          "schema_version": 0,
          "attributes": {
            "create_time": "2023-04-27T22:12:24.405Z",
            "display_name": "Risk management",
            "folder_id": "917935089894",
            "id": "folders/917935089894",
            "lifecycle_state": "ACTIVE",
            "name": "folders/917935089894",
            "parent": "folders/247598731200",
            "timeouts": null
          },
          "sensitive_attributes": [],
          "private": "eyJlMmJmYjczMC1lY2FhLTExZTYtOGY4OC0zNDM2M2JjN2M0YzAiOnsiY3JlYXRlIjoyNDAwMDAwMDAwMDAsImRlbGV0ZSI6MjQwMDAwMDAwMDAwLCJyZWFkIjoyNDAwMDAwMDAwMDAsInVwZGF0ZSI6MjQwMDAwMDAwMDAwfX0="
        },
        {
          "index_key": "retail",
          "schema_version": 0,
          "attributes": {
            "create_time": "2023-04-27T22:12:22.985Z",
            "display_name": "Retail",
            "folder_id": "688869626343",
            "id": "folders/688869626343",
            "lifecycle_state": "ACTIVE",
            "name": "folders/688869626343",
            "parent": "folders/247598731200",
            "timeouts": null
          },
          "sensitive_attributes": [],
          "private": "eyJlMmJmYjczMC1lY2FhLTExZTYtOGY4OC0zNDM2M2JjN2M0YzAiOnsiY3JlYXRlIjoyNDAwMDAwMDAwMDAsImRlbGV0ZSI6MjQwMDAwMDAwMDAwLCJyZWFkIjoyNDAwMDAwMDAwMDAsInVwZGF0ZSI6MjQwMDAwMDAwMDAwfX0="
        }
      ]
    },
    {
      "module": "module.folders",
      "mode": "managed",
      "type": "google_folder",
      "name": "sub_folders",
      "provider": "provider[\"registry.terraform.io/hashicorp/google\"]",
      "instances": [
        {
          "index_key": "Commercial_ctrl_serv",
          "schema_version": 0,
          "attributes": {
            "create_time": "2023-04-27T22:12:33.678Z",
            "display_name": "Control Services",
            "folder_id": "995281566619",
            "id": "folders/995281566619",
            "lifecycle_state": "ACTIVE",
            "name": "folders/995281566619",
            "parent": "folders/1087311580406",
            "timeouts": null
          },
          "sensitive_attributes": [],
          "private": "eyJlMmJmYjczMC1lY2FhLTExZTYtOGY4OC0zNDM2M2JjN2M0YzAiOnsiY3JlYXRlIjoyNDAwMDAwMDAwMDAsImRlbGV0ZSI6MjQwMDAwMDAwMDAwLCJyZWFkIjoyNDAwMDAwMDAwMDAsInVwZGF0ZSI6MjQwMDAwMDAwMDAwfX0=",
          "dependencies": [
            "module.folders.google_folder.root_folders"
          ]
        },
        {
          "index_key": "Riskmgmt_coreserv",
          "schema_version": 0,
          "attributes": {
            "create_time": "2023-04-27T22:13:47.068Z",
            "display_name": "D and A",
            "folder_id": "517776648836",
            "id": "folders/517776648836",
            "lifecycle_state": "ACTIVE",
            "name": "folders/517776648836",
            "parent": "folders/6262298249",
            "timeouts": null
          },
          "sensitive_attributes": [],
          "private": "eyJlMmJmYjczMC1lY2FhLTExZTYtOGY4OC0zNDM2M2JjN2M0YzAiOnsiY3JlYXRlIjoyNDAwMDAwMDAwMDAsImRlbGV0ZSI6MjQwMDAwMDAwMDAwLCJyZWFkIjoyNDAwMDAwMDAwMDAsInVwZGF0ZSI6MjQwMDAwMDAwMDAwfX0=",
          "dependencies": [
            "module.folders.google_folder.root_folders"
          ]
        },
        {
          "index_key": "retail_apps",
          "schema_version": 0,
          "attributes": {
            "create_time": "2023-04-27T22:12:35.274Z",
            "display_name": "Apps",
            "folder_id": "879165398155",
            "id": "folders/879165398155",
            "lifecycle_state": "ACTIVE",
            "name": "folders/879165398155",
            "parent": "folders/688869626343",
            "timeouts": null
          },
          "sensitive_attributes": [],
          "private": "eyJlMmJmYjczMC1lY2FhLTExZTYtOGY4OC0zNDM2M2JjN2M0YzAiOnsiY3JlYXRlIjoyNDAwMDAwMDAwMDAsImRlbGV0ZSI6MjQwMDAwMDAwMDAwLCJyZWFkIjoyNDAwMDAwMDAwMDAsInVwZGF0ZSI6MjQwMDAwMDAwMDAwfX0=",
          "dependencies": [
            "module.folders.google_folder.root_folders"
          ]
        },
        {
          "index_key": "retail_sandbox",
          "schema_version": 0,
          "attributes": {
            "create_time": "2023-04-27T22:12:34.982Z",
            "display_name": "Sandbox",
            "folder_id": "880436596062",
            "id": "folders/880436596062",
            "lifecycle_state": "ACTIVE",
            "name": "folders/880436596062",
            "parent": "folders/688869626343",
            "timeouts": null
          },
          "sensitive_attributes": [],
          "private": "eyJlMmJmYjczMC1lY2FhLTExZTYtOGY4OC0zNDM2M2JjN2M0YzAiOnsiY3JlYXRlIjoyNDAwMDAwMDAwMDAsImRlbGV0ZSI6MjQwMDAwMDAwMDAwLCJyZWFkIjoyNDAwMDAwMDAwMDAsInVwZGF0ZSI6MjQwMDAwMDAwMDAwfX0=",
          "dependencies": [
            "module.folders.google_folder.root_folders"
          ]
        },
        {
          "index_key": "retail_shared",
          "schema_version": 0,
          "attributes": {
            "create_time": "2023-04-27T22:12:35.250Z",
            "display_name": "Shared",
            "folder_id": "999520878268",
            "id": "folders/999520878268",
            "lifecycle_state": "ACTIVE",
            "name": "folders/999520878268",
            "parent": "folders/688869626343",
            "timeouts": null
          },
          "sensitive_attributes": [],
          "private": "eyJlMmJmYjczMC1lY2FhLTExZTYtOGY4OC0zNDM2M2JjN2M0YzAiOnsiY3JlYXRlIjoyNDAwMDAwMDAwMDAsImRlbGV0ZSI6MjQwMDAwMDAwMDAwLCJyZWFkIjoyNDAwMDAwMDAwMDAsInVwZGF0ZSI6MjQwMDAwMDAwMDAwfX0=",
          "dependencies": [
            "module.folders.google_folder.root_folders"
          ]
        }
      ]
    },
    {
      "module": "module.google_cloud_asset_organization",
      "mode": "managed",
      "type": "google_pubsub_topic",
      "name": "feed_output",
      "provider": "provider[\"registry.terraform.io/hashicorp/google\"]",
      "instances": [
        {
          "schema_version": 0,
          "attributes": {
            "id": "projects/jvillarrealr-dev-l3zv/topics/cloud-asset-project-feed",
            "kms_key_name": "",
            "labels": null,
            "message_retention_duration": "",
            "message_storage_policy": [],
            "name": "cloud-asset-project-feed",
            "project": "jvillarrealr-dev-l3zv",
            "schema_settings": [],
            "timeouts": null
          },
          "sensitive_attributes": [],
          "private": "eyJlMmJmYjczMC1lY2FhLTExZTYtOGY4OC0zNDM2M2JjN2M0YzAiOnsiY3JlYXRlIjoxMjAwMDAwMDAwMDAwLCJkZWxldGUiOjEyMDAwMDAwMDAwMDAsInVwZGF0ZSI6MTIwMDAwMDAwMDAwMH19"
        }
      ]
    },
    {
      "module": "module.network",
      "mode": "managed",
      "type": "google_compute_network",
      "name": "network",
      "provider": "provider[\"registry.terraform.io/hashicorp/google\"]",
      "instances": [
        {
          "index_key": "dev-main",
          "schema_version": 0,
          "attributes": {
            "auto_create_subnetworks": false,
            "delete_default_routes_on_create": false,
            "description": "This is a main dev network.",
            "enable_ula_internal_ipv6": false,
            "gateway_ipv4": "",
            "id": "projects/jvillarrealr-dev-l3zv/global/networks/dev-main",
            "internal_ipv6_range": "",
            "mtu": 1460,
            "name": "dev-main",
            "network_firewall_policy_enforcement_order": "AFTER_CLASSIC_FIREWALL",
            "project": "jvillarrealr-dev-l3zv",
            "routing_mode": "REGIONAL",
            "self_link": "https://www.googleapis.com/compute/v1/projects/jvillarrealr-dev-l3zv/global/networks/dev-main",
            "timeouts": null
          },
          "sensitive_attributes": [],
          "private": "eyJlMmJmYjczMC1lY2FhLTExZTYtOGY4OC0zNDM2M2JjN2M0YzAiOnsiY3JlYXRlIjoxMjAwMDAwMDAwMDAwLCJkZWxldGUiOjEyMDAwMDAwMDAwMDAsInVwZGF0ZSI6MTIwMDAwMDAwMDAwMH19",
          "dependencies": [
            "google_folder.attach_point",
            "module.project.google_folder.attach_point",
            "module.project.google_project.project",
            "module.project.google_project_service.gcp_services",
            "random_string.random_id"
          ],
          "create_before_destroy": true
        },
        {
          "index_key": "prod-main",
          "schema_version": 0,
          "attributes": {
            "auto_create_subnetworks": false,
            "delete_default_routes_on_create": false,
            "description": "This is a prod network.",
            "enable_ula_internal_ipv6": false,
            "gateway_ipv4": "",
            "id": "projects/jvillarrealr-prod-l3zv/global/networks/prod-main",
            "internal_ipv6_range": "",
            "mtu": 1460,
            "name": "prod-main",
            "network_firewall_policy_enforcement_order": "AFTER_CLASSIC_FIREWALL",
            "project": "jvillarrealr-prod-l3zv",
            "routing_mode": "REGIONAL",
            "self_link": "https://www.googleapis.com/compute/v1/projects/jvillarrealr-prod-l3zv/global/networks/prod-main",
            "timeouts": null
          },
          "sensitive_attributes": [],
          "private": "eyJlMmJmYjczMC1lY2FhLTExZTYtOGY4OC0zNDM2M2JjN2M0YzAiOnsiY3JlYXRlIjoxMjAwMDAwMDAwMDAwLCJkZWxldGUiOjEyMDAwMDAwMDAwMDAsInVwZGF0ZSI6MTIwMDAwMDAwMDAwMH19",
          "dependencies": [
            "google_folder.attach_point",
            "module.project.google_folder.attach_point",
            "module.project.google_project.project",
            "module.project.google_project_service.gcp_services",
            "random_string.random_id"
          ],
          "create_before_destroy": true
        }
      ]
    },
    {
      "module": "module.project",
      "mode": "managed",
      "type": "google_folder",
      "name": "attach_point",
      "provider": "provider[\"registry.terraform.io/hashicorp/google\"]",
      "instances": [
        {
          "index_key": "dev",
          "schema_version": 0,
          "attributes": {
            "create_time": "2023-04-25T16:05:57.168Z",
            "display_name": "dev",
            "folder_id": "609621726989",
            "id": "folders/609621726989",
            "lifecycle_state": "ACTIVE",
            "name": "folders/609621726989",
            "parent": "folders/214204553249",
            "timeouts": null
          },
          "sensitive_attributes": [],
          "private": "eyJlMmJmYjczMC1lY2FhLTExZTYtOGY4OC0zNDM2M2JjN2M0YzAiOnsiY3JlYXRlIjoyNDAwMDAwMDAwMDAsImRlbGV0ZSI6MjQwMDAwMDAwMDAwLCJyZWFkIjoyNDAwMDAwMDAwMDAsInVwZGF0ZSI6MjQwMDAwMDAwMDAwfX0=",
          "dependencies": [
            "google_folder.attach_point"
          ],
          "create_before_destroy": true
        },
        {
          "index_key": "prod",
          "schema_version": 0,
          "attributes": {
            "create_time": "2023-04-25T16:05:57.310Z",
            "display_name": "prod",
            "folder_id": "821786761711",
            "id": "folders/821786761711",
            "lifecycle_state": "ACTIVE",
            "name": "folders/821786761711",
            "parent": "folders/214204553249",
            "timeouts": null
          },
          "sensitive_attributes": [],
          "private": "eyJlMmJmYjczMC1lY2FhLTExZTYtOGY4OC0zNDM2M2JjN2M0YzAiOnsiY3JlYXRlIjoyNDAwMDAwMDAwMDAsImRlbGV0ZSI6MjQwMDAwMDAwMDAwLCJyZWFkIjoyNDAwMDAwMDAwMDAsInVwZGF0ZSI6MjQwMDAwMDAwMDAwfX0=",
          "dependencies": [
            "google_folder.attach_point"
          ],
          "create_before_destroy": true
        }
      ]
    },
    {
      "module": "module.project",
      "mode": "managed",
      "type": "google_project",
      "name": "project",
      "provider": "provider[\"registry.terraform.io/hashicorp/google\"]",
      "instances": [
        {
          "index_key": "dev",
          "schema_version": 1,
          "attributes": {
            "auto_create_network": false,
            "billing_account": "01E780-7E5C3C-047C23",
            "folder_id": "609621726989",
            "id": "projects/jvillarrealr-dev-l3zv",
            "labels": {
              "env": "development"
            },
            "name": "jvillarrealr-dev-l3zv",
            "number": "894228877403",
            "org_id": "",
            "project_id": "jvillarrealr-dev-l3zv",
            "skip_delete": false,
            "timeouts": null
          },
          "sensitive_attributes": [],
          "private": "eyJlMmJmYjczMC1lY2FhLTExZTYtOGY4OC0zNDM2M2JjN2M0YzAiOnsiY3JlYXRlIjo2MDAwMDAwMDAwMDAsImRlbGV0ZSI6NjAwMDAwMDAwMDAwLCJyZWFkIjo2MDAwMDAwMDAwMDAsInVwZGF0ZSI6NjAwMDAwMDAwMDAwfSwic2NoZW1hX3ZlcnNpb24iOiIxIn0=",
          "dependencies": [
            "google_folder.attach_point",
            "module.project.google_folder.attach_point",
            "random_string.random_id"
          ],
          "create_before_destroy": true
        },
        {
          "index_key": "prod",
          "schema_version": 1,
          "attributes": {
            "auto_create_network": false,
            "billing_account": "01E780-7E5C3C-047C23",
            "folder_id": "821786761711",
            "id": "projects/jvillarrealr-prod-l3zv",
            "labels": {
              "env": "production"
            },
            "name": "jvillarrealr-prod-l3zv",
            "number": "216907694365",
            "org_id": "",
            "project_id": "jvillarrealr-prod-l3zv",
            "skip_delete": false,
            "timeouts": null
          },
          "sensitive_attributes": [],
          "private": "eyJlMmJmYjczMC1lY2FhLTExZTYtOGY4OC0zNDM2M2JjN2M0YzAiOnsiY3JlYXRlIjo2MDAwMDAwMDAwMDAsImRlbGV0ZSI6NjAwMDAwMDAwMDAwLCJyZWFkIjo2MDAwMDAwMDAwMDAsInVwZGF0ZSI6NjAwMDAwMDAwMDAwfSwic2NoZW1hX3ZlcnNpb24iOiIxIn0=",
          "dependencies": [
            "google_folder.attach_point",
            "module.project.google_folder.attach_point",
            "random_string.random_id"
          ],
          "create_before_destroy": true
        }
      ]
    },
    {
      "module": "module.sub_network",
      "mode": "managed",
      "type": "google_compute_subnetwork",
      "name": "gke",
      "provider": "provider[\"registry.terraform.io/hashicorp/google\"]",
      "instances": [
        {
          "index_key": "dev-gke-subnetwork",
          "schema_version": 0,
          "attributes": {
            "creation_timestamp": "2023-04-25T15:09:25.934-07:00",
            "description": "GKE subnetwork",
            "external_ipv6_prefix": "",
            "fingerprint": null,
            "gateway_address": "10.10.0.1",
            "id": "projects/jvillarrealr-dev-l3zv/regions/us-central1/subnetworks/dev-gke-subnetwork",
            "ip_cidr_range": "10.10.0.0/24",
            "ipv6_access_type": "",
            "ipv6_cidr_range": "",
            "log_config": [],
            "name": "dev-gke-subnetwork",
            "network": "https://www.googleapis.com/compute/v1/projects/jvillarrealr-dev-l3zv/global/networks/dev-main",
            "private_ip_google_access": true,
            "private_ipv6_google_access": "DISABLE_GOOGLE_ACCESS",
            "project": "jvillarrealr-dev-l3zv",
            "purpose": "PRIVATE",
            "region": "us-central1",
            "role": "ACTIVE",
            "secondary_ip_range": [
              {
                "ip_cidr_range": "172.16.0.0/20",
                "range_name": "gke-pods-range"
              },
              {
                "ip_cidr_range": "192.168.1.0/24",
                "range_name": "gke-services-range"
              }
            ],
            "self_link": "https://www.googleapis.com/compute/v1/projects/jvillarrealr-dev-l3zv/regions/us-central1/subnetworks/dev-gke-subnetwork",
            "stack_type": "IPV4_ONLY",
            "timeouts": null
          },
          "sensitive_attributes": [],
          "private": "eyJlMmJmYjczMC1lY2FhLTExZTYtOGY4OC0zNDM2M2JjN2M0YzAiOnsiY3JlYXRlIjoxMjAwMDAwMDAwMDAwLCJkZWxldGUiOjEyMDAwMDAwMDAwMDAsInVwZGF0ZSI6MTIwMDAwMDAwMDAwMH19",
          "dependencies": [
            "google_folder.attach_point",
            "module.network.google_compute_network.network",
            "module.project.google_folder.attach_point",
            "module.project.google_project.project",
            "module.project.google_project_service.gcp_services",
            "random_string.random_id"
          ]
        },
        {
          "index_key": "prod-gke-subnetwork",
          "schema_version": 0,
          "attributes": {
            "creation_timestamp": "2023-04-25T15:09:25.856-07:00",
            "description": "GKE subnetwork",
            "external_ipv6_prefix": "",
            "fingerprint": null,
            "gateway_address": "10.10.0.1",
            "id": "projects/jvillarrealr-prod-l3zv/regions/us-central1/subnetworks/prod-gke-subnetwork",
            "ip_cidr_range": "10.10.0.0/24",
            "ipv6_access_type": "",
            "ipv6_cidr_range": "",
            "log_config": [],
            "name": "prod-gke-subnetwork",
            "network": "https://www.googleapis.com/compute/v1/projects/jvillarrealr-prod-l3zv/global/networks/prod-main",
            "private_ip_google_access": true,
            "private_ipv6_google_access": "DISABLE_GOOGLE_ACCESS",
            "project": "jvillarrealr-prod-l3zv",
            "purpose": "PRIVATE",
            "region": "us-central1",
            "role": "ACTIVE",
            "secondary_ip_range": [
              {
                "ip_cidr_range": "172.16.0.0/20",
                "range_name": "gke-pods-range"
              },
              {
                "ip_cidr_range": "192.168.1.0/24",
                "range_name": "gke-services-range"
              }
            ],
            "self_link": "https://www.googleapis.com/compute/v1/projects/jvillarrealr-prod-l3zv/regions/us-central1/subnetworks/prod-gke-subnetwork",
            "stack_type": "IPV4_ONLY",
            "timeouts": null
          },
          "sensitive_attributes": [],
          "private": "eyJlMmJmYjczMC1lY2FhLTExZTYtOGY4OC0zNDM2M2JjN2M0YzAiOnsiY3JlYXRlIjoxMjAwMDAwMDAwMDAwLCJkZWxldGUiOjEyMDAwMDAwMDAwMDAsInVwZGF0ZSI6MTIwMDAwMDAwMDAwMH19",
          "dependencies": [
            "google_folder.attach_point",
            "module.network.google_compute_network.network",
            "module.project.google_folder.attach_point",
            "module.project.google_project.project",
            "module.project.google_project_service.gcp_services",
            "random_string.random_id"
          ]
        }
      ]
    }
  ],
  "check_results": null
}
